
Microsoft Visual Studio Solution File, Format Version 12.00
# Visual Studio Version 16
VisualStudioVersion = 16.0.31624.102
MinimumVisualStudioVersion = 10.0.40219.1
Project("{FAE04EC0-301F-11D3-BF4B-00C04F79EFBC}") = "UI_Concurso", "UI_Concurso.csproj", "{EE78FAB6-22F6-4A3C-B7AD-8B2DDFC39741}"
EndProject
Project("{9A19103F-16F7-4668-BE54-9A1E7A4F7556}") = "BLL_Concurso", "..\BLL_Concurso\BLL_Concurso.csproj", "{F788AA6D-4991-4972-BAD5-D99845496BA8}"
EndProject
Global
	GlobalSection(SolutionConfigurationPlatforms) = preSolution
		Debug|Any CPU = Debug|Any CPU
		Release|Any CPU = Release|Any CPU
	EndGlobalSection
	GlobalSection(ProjectConfigurationPlatforms) = postSolution
		{EE78FAB6-22F6-4A3C-B7AD-8B2DDFC39741}.Debug|Any CPU.ActiveCfg = Debug|Any CPU
		{EE78FAB6-22F6-4A3C-B7AD-8B2DDFC39741}.Debug|Any CPU.Build.0 = Debug|Any CPU
		{EE78FAB6-22F6-4A3C-B7AD-8B2DDFC39741}.Release|Any CPU.ActiveCfg = Release|Any CPU
		{EE78FAB6-22F6-4A3C-B7AD-8B2DDFC39741}.Release|Any CPU.Build.0 = Release|Any CPU
		{F788AA6D-4991-4972-BAD5-D99845496BA8}.Debug|Any CPU.ActiveCfg = Debug|Any CPU
		{F788AA6D-4991-4972-BAD5-D99845496BA8}.Debug|Any CPU.Build.0 = Debug|Any CPU
		{F788AA6D-4991-4972-BAD5-D99845496BA8}.Release|Any CPU.ActiveCfg = Release|Any CPU
		{F788AA6D-4991-4972-BAD5-D99845496BA8}.Release|Any CPU.Build.0 = Release|Any CPU
	EndGlobalSection
	GlobalSection(SolutionProperties) = preSolution
		HideSolutionNode = FALSE
	EndGlobalSection
	GlobalSection(ExtensibilityGlobals) = postSolution
		SolutionGuid = {B1E635F6-2319-428D-8F6F-1EFA66380B4D}
	EndGlobalSection
EndGlobal
